
Microsoft Visual Studio Solution File, Format Version 12.00
# Visual Studio Version 16
VisualStudioVersion = 16.0.31321.278
MinimumVisualStudioVersion = 10.0.40219.1
Project("{FAE04EC0-301F-11D3-BF4B-00C04F79EFBC}") = "OriginApi", "OriginApi\OriginApi.csproj", "{80A07A96-63EB-4652-8C1C-18C379AD998B}"
EndProject
Project("{FAE04EC0-301F-11D3-BF4B-00C04F79EFBC}") = "Objects", "Objects\Objects.csproj", "{BF2932F4-2FDF-4A6E-99B5-68FC9125AACF}"
EndProject
Global
	GlobalSection(SolutionConfigurationPlatforms) = preSolution
		Debug|Any CPU = Debug|Any CPU
		Release|Any CPU = Release|Any CPU
	EndGlobalSection
	GlobalSection(ProjectConfigurationPlatforms) = postSolution
		{80A07A96-63EB-4652-8C1C-18C379AD998B}.Debug|Any CPU.ActiveCfg = Debug|Any CPU
		{80A07A96-63EB-4652-8C1C-18C379AD998B}.Debug|Any CPU.Build.0 = Debug|Any CPU
		{80A07A96-63EB-4652-8C1C-18C379AD998B}.Release|Any CPU.ActiveCfg = Release|Any CPU
		{80A07A96-63EB-4652-8C1C-18C379AD998B}.Release|Any CPU.Build.0 = Release|Any CPU
		{BF2932F4-2FDF-4A6E-99B5-68FC9125AACF}.Debug|Any CPU.ActiveCfg = Debug|Any CPU
		{BF2932F4-2FDF-4A6E-99B5-68FC9125AACF}.Debug|Any CPU.Build.0 = Debug|Any CPU
		{BF2932F4-2FDF-4A6E-99B5-68FC9125AACF}.Release|Any CPU.ActiveCfg = Release|Any CPU
		{BF2932F4-2FDF-4A6E-99B5-68FC9125AACF}.Release|Any CPU.Build.0 = Release|Any CPU
	EndGlobalSection
	GlobalSection(SolutionProperties) = preSolution
		HideSolutionNode = FALSE
	EndGlobalSection
	GlobalSection(ExtensibilityGlobals) = postSolution
		SolutionGuid = {4447ADC6-2E44-4AC0-A602-84629EDE624F}
	EndGlobalSection
EndGlobal
